{
  "name": "mobile",
  "lockfileVersion": 2,
  "requires": true,
  "packages": {
    "": {
      "dependencies": {
        "rainbow-colors-array-ts": "^1.0.5"
      }
    },
    "node_modules/rainbow-colors-array": {
      "version": "0.0.31",
      "resolved": "https://registry.npmjs.org/rainbow-colors-array/-/rainbow-colors-array-0.0.31.tgz",
      "integrity": "sha512-BqI5cNpaclNNkufN2UujlDXTeleLzM49+jL8ZSuQuRa1qoeMxbX3cibjvogjG4CHa/pvDYbKXSkxUXh+2QRqqg=="
    },
    "node_modules/rainbow-colors-array-ts": {
      "version": "1.0.5",
      "resolved": "https://registry.npmjs.org/rainbow-colors-array-ts/-/rainbow-colors-array-ts-1.0.5.tgz",
      "integrity": "sha512-m6b5q5P9u/J14gIVsghM/crcKzFaGQuPUw2GKO+coHv7++pVkrcDvpK6nQbsnY/+wqILIvExA+a+gW4wviG4ww==",
      "dependencies": {
        "rainbow-colors-array": "^0.0.31"
      }
    }
  },
  "dependencies": {
    "rainbow-colors-array": {
      "version": "0.0.31",
      "resolved": "https://registry.npmjs.org/rainbow-colors-array/-/rainbow-colors-array-0.0.31.tgz",
      "integrity": "sha512-BqI5cNpaclNNkufN2UujlDXTeleLzM49+jL8ZSuQuRa1qoeMxbX3cibjvogjG4CHa/pvDYbKXSkxUXh+2QRqqg=="
    },
    "rainbow-colors-array-ts": {
      "version": "1.0.5",
      "resolved": "https://registry.npmjs.org/rainbow-colors-array-ts/-/rainbow-colors-array-ts-1.0.5.tgz",
      "integrity": "sha512-m6b5q5P9u/J14gIVsghM/crcKzFaGQuPUw2GKO+coHv7++pVkrcDvpK6nQbsnY/+wqILIvExA+a+gW4wviG4ww==",
      "requires": {
        "rainbow-colors-array": "^0.0.31"
      }
    }
  }
}
